
Microsoft Visual Studio Solution File, Format Version 12.00
# Visual Studio Version 17
VisualStudioVersion = 17.0.31903.59
MinimumVisualStudioVersion = 10.0.40219.1
Project("{FAE04EC0-301F-11D3-BF4B-00C04F79EFBC}") = "FiSsnValidator", "FiSsnValidator\FiSsnValidator.csproj", "{43BA9C78-CA05-4466-B691-6D5925BCA4AA}"
EndProject
Project("{FAE04EC0-301F-11D3-BF4B-00C04F79EFBC}") = "FiSsnValidator.Tests", "FiSsnValidator.Tests\FiSsnValidator.Tests.csproj", "{6795BA91-6AF6-4576-AE26-BA8E0282DED7}"
EndProject
Global
	GlobalSection(SolutionConfigurationPlatforms) = preSolution
		Debug|Any CPU = Debug|Any CPU
		Debug|x64 = Debug|x64
		Debug|x86 = Debug|x86
		Release|Any CPU = Release|Any CPU
		Release|x64 = Release|x64
		Release|x86 = Release|x86
	EndGlobalSection
	GlobalSection(ProjectConfigurationPlatforms) = postSolution
		{43BA9C78-CA05-4466-B691-6D5925BCA4AA}.Debug|Any CPU.ActiveCfg = Debug|Any CPU
		{43BA9C78-CA05-4466-B691-6D5925BCA4AA}.Debug|Any CPU.Build.0 = Debug|Any CPU
		{43BA9C78-CA05-4466-B691-6D5925BCA4AA}.Debug|x64.ActiveCfg = Debug|Any CPU
		{43BA9C78-CA05-4466-B691-6D5925BCA4AA}.Debug|x64.Build.0 = Debug|Any CPU
		{43BA9C78-CA05-4466-B691-6D5925BCA4AA}.Debug|x86.ActiveCfg = Debug|Any CPU
		{43BA9C78-CA05-4466-B691-6D5925BCA4AA}.Debug|x86.Build.0 = Debug|Any CPU
		{43BA9C78-CA05-4466-B691-6D5925BCA4AA}.Release|Any CPU.ActiveCfg = Release|Any CPU
		{43BA9C78-CA05-4466-B691-6D5925BCA4AA}.Release|Any CPU.Build.0 = Release|Any CPU
		{43BA9C78-CA05-4466-B691-6D5925BCA4AA}.Release|x64.ActiveCfg = Release|Any CPU
		{43BA9C78-CA05-4466-B691-6D5925BCA4AA}.Release|x64.Build.0 = Release|Any CPU
		{43BA9C78-CA05-4466-B691-6D5925BCA4AA}.Release|x86.ActiveCfg = Release|Any CPU
		{43BA9C78-CA05-4466-B691-6D5925BCA4AA}.Release|x86.Build.0 = Release|Any CPU
		{6795BA91-6AF6-4576-AE26-BA8E0282DED7}.Debug|Any CPU.ActiveCfg = Debug|Any CPU
		{6795BA91-6AF6-4576-AE26-BA8E0282DED7}.Debug|Any CPU.Build.0 = Debug|Any CPU
		{6795BA91-6AF6-4576-AE26-BA8E0282DED7}.Debug|x64.ActiveCfg = Debug|Any CPU
		{6795BA91-6AF6-4576-AE26-BA8E0282DED7}.Debug|x64.Build.0 = Debug|Any CPU
		{6795BA91-6AF6-4576-AE26-BA8E0282DED7}.Debug|x86.ActiveCfg = Debug|Any CPU
		{6795BA91-6AF6-4576-AE26-BA8E0282DED7}.Debug|x86.Build.0 = Debug|Any CPU
		{6795BA91-6AF6-4576-AE26-BA8E0282DED7}.Release|Any CPU.ActiveCfg = Release|Any CPU
		{6795BA91-6AF6-4576-AE26-BA8E0282DED7}.Release|Any CPU.Build.0 = Release|Any CPU
		{6795BA91-6AF6-4576-AE26-BA8E0282DED7}.Release|x64.ActiveCfg = Release|Any CPU
		{6795BA91-6AF6-4576-AE26-BA8E0282DED7}.Release|x64.Build.0 = Release|Any CPU
		{6795BA91-6AF6-4576-AE26-BA8E0282DED7}.Release|x86.ActiveCfg = Release|Any CPU
		{6795BA91-6AF6-4576-AE26-BA8E0282DED7}.Release|x86.Build.0 = Release|Any CPU
	EndGlobalSection
	GlobalSection(SolutionProperties) = preSolution
		HideSolutionNode = FALSE
	EndGlobalSection
EndGlobal
